// !$*UTF8*$!
{
	archiveVersion = 1;
	classes = {
	};
	objectVersion = 46;
	objects = {

/* Begin PBXBuildFile section */
		021253E014012BEF00D60A4F /* UIKit.framework in Frameworks */ = {isa = PBXBuildFile; fileRef = 021253DF14012BEF00D60A4F /* UIKit.framework */; };
		021253E214012BEF00D60A4F /* Foundation.framework in Frameworks */ = {isa = PBXBuildFile; fileRef = 021253E114012BEF00D60A4F /* Foundation.framework */; };
		021253E414012BEF00D60A4F /* CoreGraphics.framework in Frameworks */ = {isa = PBXBuildFile; fileRef = 021253E314012BEF00D60A4F /* CoreGraphics.framework */; };
		021253EA14012BEF00D60A4F /* InfoPlist.strings in Resources */ = {isa = PBXBuildFile; fileRef = 021253E814012BEF00D60A4F /* InfoPlist.strings */; };
		021253EC14012BEF00D60A4F /* main.m in Sources */ = {isa = PBXBuildFile; fileRef = 021253EB14012BEF00D60A4F /* main.m */; };
		021253F014012BEF00D60A4F /* LibVidlySampleAppDelegate.m in Sources */ = {isa = PBXBuildFile; fileRef = 021253EF14012BEF00D60A4F /* LibVidlySampleAppDelegate.m */; };
		021253F314012BEF00D60A4F /* MainWindow.xib in Resources */ = {isa = PBXBuildFile; fileRef = 021253F114012BEF00D60A4F /* MainWindow.xib */; };
		02125476140147A100D60A4F /* libVidly.a in Frameworks */ = {isa = PBXBuildFile; fileRef = 02125475140147A100D60A4F /* libVidly.a */; };
/* End PBXBuildFile section */

/* Begin PBXFileReference section */
		021253DB14012BEF00D60A4F /* LibVidlySample.app */ = {isa = PBXFileReference; explicitFileType = wrapper.application; includeInIndex = 0; path = LibVidlySample.app; sourceTree = BUILT_PRODUCTS_DIR; };
		021253DF14012BEF00D60A4F /* UIKit.framework */ = {isa = PBXFileReference; lastKnownFileType = wrapper.framework; name = UIKit.framework; path = System/Library/Frameworks/UIKit.framework; sourceTree = SDKROOT; };
		021253E114012BEF00D60A4F /* Foundation.framework */ = {isa = PBXFileReference; lastKnownFileType = wrapper.framework; name = Foundation.framework; path = System/Library/Frameworks/Foundation.framework; sourceTree = SDKROOT; };
		021253E314012BEF00D60A4F /* CoreGraphics.framework */ = {isa = PBXFileReference; lastKnownFileType = wrapper.framework; name = CoreGraphics.framework; path = System/Library/Frameworks/CoreGraphics.framework; sourceTree = SDKROOT; };
		021253E714012BEF00D60A4F /* LibVidlySample-Info.plist */ = {isa = PBXFileReference; lastKnownFileType = text.plist.xml; path = "LibVidlySample-Info.plist"; sourceTree = "<group>"; };
		021253E914012BEF00D60A4F /* en */ = {isa = PBXFileReference; lastKnownFileType = text.plist.strings; name = en; path = en.lproj/InfoPlist.strings; sourceTree = "<group>"; };
		021253EB14012BEF00D60A4F /* main.m */ = {isa = PBXFileReference; lastKnownFileType = sourcecode.c.objc; path = main.m; sourceTree = "<group>"; };
		021253ED14012BEF00D60A4F /* LibVidlySample-Prefix.pch */ = {isa = PBXFileReference; lastKnownFileType = sourcecode.c.h; path = "LibVidlySample-Prefix.pch"; sourceTree = "<group>"; };
		021253EE14012BEF00D60A4F /* LibVidlySampleAppDelegate.h */ = {isa = PBXFileReference; lastKnownFileType = sourcecode.c.h; path = LibVidlySampleAppDelegate.h; sourceTree = "<group>"; };
		021253EF14012BEF00D60A4F /* LibVidlySampleAppDelegate.m */ = {isa = PBXFileReference; lastKnownFileType = sourcecode.c.objc; path = LibVidlySampleAppDelegate.m; sourceTree = "<group>"; };
		021253F214012BEF00D60A4F /* en */ = {isa = PBXFileReference; lastKnownFileType = file.xib; name = en; path = en.lproj/MainWindow.xib; sourceTree = "<group>"; };
		02125475140147A100D60A4F /* libVidly.a */ = {isa = PBXFileReference; lastKnownFileType = archive.ar; path = libVidly.a; sourceTree = "<group>"; };
		0212547C14014D5300D60A4F /* Vidly.h */ = {isa = PBXFileReference; fileEncoding = 4; lastKnownFileType = sourcecode.c.h; name = Vidly.h; path = ../../../LibVidlySample/LibVidlySample/libVidly/Vidly.h; sourceTree = "<group>"; };
/* End PBXFileReference section */

/* Begin PBXFrameworksBuildPhase section */
		021253D814012BEF00D60A4F /* Frameworks */ = {
			isa = PBXFrameworksBuildPhase;
			buildActionMask = 2147483647;
			files = (
				021253E014012BEF00D60A4F /* UIKit.framework in Frameworks */,
				021253E214012BEF00D60A4F /* Foundation.framework in Frameworks */,
				021253E414012BEF00D60A4F /* CoreGraphics.framework in Frameworks */,
				02125476140147A100D60A4F /* libVidly.a in Frameworks */,
			);
			runOnlyForDeploymentPostprocessing = 0;
		};
/* End PBXFrameworksBuildPhase section */

/* Begin PBXGroup section */
		021253D014012BEF00D60A4F = {
			isa = PBXGroup;
			children = (
				021253E514012BEF00D60A4F /* LibVidlySample */,
				021253DE14012BEF00D60A4F /* Frameworks */,
				021253DC14012BEF00D60A4F /* Products */,
			);
			sourceTree = "<group>";
		};
		021253DC14012BEF00D60A4F /* Products */ = {
			isa = PBXGroup;
			children = (
				021253DB14012BEF00D60A4F /* LibVidlySample.app */,
			);
			name = Products;
			sourceTree = "<group>";
		};
		021253DE14012BEF00D60A4F /* Frameworks */ = {
			isa = PBXGroup;
			children = (
				021253DF14012BEF00D60A4F /* UIKit.framework */,
				021253E114012BEF00D60A4F /* Foundation.framework */,
				021253E314012BEF00D60A4F /* CoreGraphics.framework */,
			);
			name = Frameworks;
			sourceTree = "<group>";
		};
		021253E514012BEF00D60A4F /* LibVidlySample */ = {
			isa = PBXGroup;
			children = (
				021253F914012C6600D60A4F /* libVidly */,
				021253EE14012BEF00D60A4F /* LibVidlySampleAppDelegate.h */,
				021253EF14012BEF00D60A4F /* LibVidlySampleAppDelegate.m */,
				021253F114012BEF00D60A4F /* MainWindow.xib */,
				021253E614012BEF00D60A4F /* Supporting Files */,
			);
			path = LibVidlySample;
			sourceTree = "<group>";
		};
		021253E614012BEF00D60A4F /* Supporting Files */ = {
			isa = PBXGroup;
			children = (
				021253E714012BEF00D60A4F /* LibVidlySample-Info.plist */,
				021253E814012BEF00D60A4F /* InfoPlist.strings */,
				021253EB14012BEF00D60A4F /* main.m */,
				021253ED14012BEF00D60A4F /* LibVidlySample-Prefix.pch */,
			);
			name = "Supporting Files";
			sourceTree = "<group>";
		};
		021253F914012C6600D60A4F /* libVidly */ = {
			isa = PBXGroup;
			children = (
				0212547C14014D5300D60A4F /* Vidly.h */,
				02125475140147A100D60A4F /* libVidly.a */,
			);
			path = libVidly;
			sourceTree = "<group>";
		};
/* End PBXGroup section */

/* Begin PBXNativeTarget section */
		021253DA14012BEF00D60A4F /* LibVidlySample */ = {
			isa = PBXNativeTarget;
			buildConfigurationList = 021253F614012BEF00D60A4F /* Build configuration list for PBXNativeTarget "LibVidlySample" */;
			buildPhases = (
				021253D714012BEF00D60A4F /* Sources */,
				021253D814012BEF00D60A4F /* Frameworks */,
				021253D914012BEF00D60A4F /* Resources */,
			);
			buildRules = (
			);
			dependencies = (
			);
			name = LibVidlySample;
			productName = LibVidlySample;
			productReference = 021253DB14012BEF00D60A4F /* LibVidlySample.app */;
			productType = "com.apple.product-type.application";
		};
/* End PBXNativeTarget section */

/* Begin PBXProject section */
		021253D214012BEF00D60A4F /* Project object */ = {
			isa = PBXProject;
			buildConfigurationList = 021253D514012BEF00D60A4F /* Build configuration list for PBXProject "LibVidlySample" */;
			compatibilityVersion = "Xcode 3.2";
			developmentRegion = English;
			hasScannedForEncodings = 0;
			knownRegions = (
				en,
			);
			mainGroup = 021253D014012BEF00D60A4F;
			productRefGroup = 021253DC14012BEF00D60A4F /* Products */;
			projectDirPath = "";
			projectRoot = "";
			targets = (
				021253DA14012BEF00D60A4F /* LibVidlySample */,
			);
		};
/* End PBXProject section */

/* Begin PBXResourcesBuildPhase section */
		021253D914012BEF00D60A4F /* Resources */ = {
			isa = PBXResourcesBuildPhase;
			buildActionMask = 2147483647;
			files = (
				021253EA14012BEF00D60A4F /* InfoPlist.strings in Resources */,
				021253F314012BEF00D60A4F /* MainWindow.xib in Resources */,
			);
			runOnlyForDeploymentPostprocessing = 0;
		};
/* End PBXResourcesBuildPhase section */

/* Begin PBXSourcesBuildPhase section */
		021253D714012BEF00D60A4F /* Sources */ = {
			isa = PBXSourcesBuildPhase;
			buildActionMask = 2147483647;
			files = (
				021253EC14012BEF00D60A4F /* main.m in Sources */,
				021253F014012BEF00D60A4F /* LibVidlySampleAppDelegate.m in Sources */,
			);
			runOnlyForDeploymentPostprocessing = 0;
		};
/* End PBXSourcesBuildPhase section */

/* Begin PBXVariantGroup section */
		021253E814012BEF00D60A4F /* InfoPlist.strings */ = {
			isa = PBXVariantGroup;
			children = (
				021253E914012BEF00D60A4F /* en */,
			);
			name = InfoPlist.strings;
			sourceTree = "<group>";
		};
		021253F114012BEF00D60A4F /* MainWindow.xib */ = {
			isa = PBXVariantGroup;
			children = (
				021253F214012BEF00D60A4F /* en */,
			);
			name = MainWindow.xib;
			sourceTree = "<group>";
		};
/* End PBXVariantGroup section */

/* Begin XCBuildConfiguration section */
		021253F414012BEF00D60A4F /* Debug */ = {
			isa = XCBuildConfiguration;
			buildSettings = {
				ALWAYS_SEARCH_USER_PATHS = NO;
				ARCHS = "$(ARCHS_STANDARD_32_BIT)";
				"CODE_SIGN_IDENTITY[sdk=iphoneos*]" = "iPhone Developer";
				COPY_PHASE_STRIP = NO;
				GCC_C_LANGUAGE_STANDARD = gnu99;
				GCC_DYNAMIC_NO_PIC = NO;
				GCC_OPTIMIZATION_LEVEL = 0;
				GCC_PREPROCESSOR_DEFINITIONS = (
					"DEBUG=1",
					"$(inherited)",
				);
				GCC_SYMBOLS_PRIVATE_EXTERN = NO;
				GCC_VERSION = com.apple.compilers.llvmgcc42;
				GCC_WARN_ABOUT_MISSING_PROTOTYPES = YES;
				GCC_WARN_ABOUT_RETURN_TYPE = YES;
				GCC_WARN_UNUSED_VARIABLE = YES;
				IPHONEOS_DEPLOYMENT_TARGET = 4.3;
				SDKROOT = iphoneos;
			};
			name = Debug;
		};
		021253F514012BEF00D60A4F /* Release */ = {
			isa = XCBuildConfiguration;
			buildSettings = {
				ALWAYS_SEARCH_USER_PATHS = NO;
				ARCHS = "$(ARCHS_STANDARD_32_BIT)";
				"CODE_SIGN_IDENTITY[sdk=iphoneos*]" = "iPhone Developer";
				COPY_PHASE_STRIP = YES;
				GCC_C_LANGUAGE_STANDARD = gnu99;
				GCC_VERSION = com.apple.compilers.llvmgcc42;
				GCC_WARN_ABOUT_MISSING_PROTOTYPES = YES;
				GCC_WARN_ABOUT_RETURN_TYPE = YES;
				GCC_WARN_UNUSED_VARIABLE = YES;
				IPHONEOS_DEPLOYMENT_TARGET = 4.3;
				OTHER_CFLAGS = "-DNS_BLOCK_ASSERTIONS=1";
				SDKROOT = iphoneos;
				VALIDATE_PRODUCT = YES;
			};
			name = Release;
		};
		021253F714012BEF00D60A4F /* Debug */ = {
			isa = XCBuildConfiguration;
			buildSettings = {
				GCC_PRECOMPILE_PREFIX_HEADER = YES;
				GCC_PREFIX_HEADER = "LibVidlySample/LibVidlySample-Prefix.pch";
				INFOPLIST_FILE = "LibVidlySample/LibVidlySample-Info.plist";
				LIBRARY_SEARCH_PATHS = (
					"$(inherited)",
					"\"$(SRCROOT)/LibVidlySample/libVidly\"",
					"\"$(SRCROOT)/../../../Desktop\"",
				);
				PRODUCT_NAME = "$(TARGET_NAME)";
				WRAPPER_EXTENSION = app;
			};
			name = Debug;
		};
		021253F814012BEF00D60A4F /* Release */ = {
			isa = XCBuildConfiguration;
			buildSettings = {
				GCC_PRECOMPILE_PREFIX_HEADER = YES;
				GCC_PREFIX_HEADER = "LibVidlySample/LibVidlySample-Prefix.pch";
				INFOPLIST_FILE = "LibVidlySample/LibVidlySample-Info.plist";
				LIBRARY_SEARCH_PATHS = (
					"$(inherited)",
					"\"$(SRCROOT)/LibVidlySample/libVidly\"",
					"\"$(SRCROOT)/../../../Desktop\"",
				);
				PRODUCT_NAME = "$(TARGET_NAME)";
				WRAPPER_EXTENSION = app;
			};
			name = Release;
		};
/* End XCBuildConfiguration section */

/* Begin XCConfigurationList section */
		021253D514012BEF00D60A4F /* Build configuration list for PBXProject "LibVidlySample" */ = {
			isa = XCConfigurationList;
			buildConfigurations = (
				021253F414012BEF00D60A4F /* Debug */,
				021253F514012BEF00D60A4F /* Release */,
			);
			defaultConfigurationIsVisible = 0;
			defaultConfigurationName = Release;
		};
		021253F614012BEF00D60A4F /* Build configuration list for PBXNativeTarget "LibVidlySample" */ = {
			isa = XCConfigurationList;
			buildConfigurations = (
				021253F714012BEF00D60A4F /* Debug */,
				021253F814012BEF00D60A4F /* Release */,
			);
			defaultConfigurationIsVisible = 0;
			defaultConfigurationName = Release;
		};
/* End XCConfigurationList section */
	};
	rootObject = 021253D214012BEF00D60A4F /* Project object */;
}
